
Microsoft Visual Studio Solution File, Format Version 12.00
# Visual Studio Version 17
VisualStudioVersion = 17.9.34902.65
MinimumVisualStudioVersion = 10.0.40219.1
Project("{FAE04EC0-301F-11D3-BF4B-00C04F79EFBC}") = "POEPart3", "POEPart3.csproj", "{6A8CC566-6B31-4AA5-9A77-D75F4FC6C8DC}"
EndProject
Project("{FAE04EC0-301F-11D3-BF4B-00C04F79EFBC}") = "CalorieTester", "..\CalorieTester\CalorieTester.csproj", "{FA60FE42-44F9-4A0C-999F-D4064E651AF6}"
EndProject
Global
	GlobalSection(SolutionConfigurationPlatforms) = preSolution
		Debug|Any CPU = Debug|Any CPU
		Release|Any CPU = Release|Any CPU
	EndGlobalSection
	GlobalSection(ProjectConfigurationPlatforms) = postSolution
		{6A8CC566-6B31-4AA5-9A77-D75F4FC6C8DC}.Debug|Any CPU.ActiveCfg = Debug|Any CPU
		{6A8CC566-6B31-4AA5-9A77-D75F4FC6C8DC}.Debug|Any CPU.Build.0 = Debug|Any CPU
		{6A8CC566-6B31-4AA5-9A77-D75F4FC6C8DC}.Release|Any CPU.ActiveCfg = Release|Any CPU
		{6A8CC566-6B31-4AA5-9A77-D75F4FC6C8DC}.Release|Any CPU.Build.0 = Release|Any CPU
		{FA60FE42-44F9-4A0C-999F-D4064E651AF6}.Debug|Any CPU.ActiveCfg = Debug|Any CPU
		{FA60FE42-44F9-4A0C-999F-D4064E651AF6}.Debug|Any CPU.Build.0 = Debug|Any CPU
		{FA60FE42-44F9-4A0C-999F-D4064E651AF6}.Release|Any CPU.ActiveCfg = Release|Any CPU
		{FA60FE42-44F9-4A0C-999F-D4064E651AF6}.Release|Any CPU.Build.0 = Release|Any CPU
	EndGlobalSection
	GlobalSection(SolutionProperties) = preSolution
		HideSolutionNode = FALSE
	EndGlobalSection
	GlobalSection(ExtensibilityGlobals) = postSolution
		SolutionGuid = {F4159965-9D04-4D96-823F-15D6308EB84C}
	EndGlobalSection
EndGlobal
